// !$*UTF8*$!
{
	archiveVersion = 1;
	classes = {
	};
	objectVersion = 46;
	objects = {

/* Begin PBXBuildFile section */
		361DC1A31F34AC690075A51A /* AvatarLineView.swift in Sources */ = {isa = PBXBuildFile; fileRef = 361DC1A21F34AC680075A51A /* AvatarLineView.swift */; };
		705E42811E048C2100CA7C50 /* ContactPicker.swift in Sources */ = {isa = PBXBuildFile; fileRef = 705E42801E048C2100CA7C50 /* ContactPicker.swift */; };
		705E7D2D1DE4A1C1002AB0FF /* Kingfisher.framework in Frameworks */ = {isa = PBXBuildFile; fileRef = 705E7D2C1DE4A1C1002AB0FF /* Kingfisher.framework */; };
		70613EDA1DECD8A30023E0C7 /* AvatarImageService.swift in Sources */ = {isa = PBXBuildFile; fileRef = 70613ED91DECD8A30023E0C7 /* AvatarImageService.swift */; };
		7096370D1D00A939006884B8 /* NamePresentable.swift in Sources */ = {isa = PBXBuildFile; fileRef = 7096370C1D00A939006884B8 /* NamePresentable.swift */; };
		70B7E0F01D8AD1800010220B /* AvatarHeader.swift in Sources */ = {isa = PBXBuildFile; fileRef = 70B7E0EF1D8AD1800010220B /* AvatarHeader.swift */; };
		70F4CDE71CFFA22200A6F8BF /* AvatarView.h in Headers */ = {isa = PBXBuildFile; fileRef = 70F4CDE61CFFA22200A6F8BF /* AvatarView.h */; settings = {ATTRIBUTES = (Public, ); }; };
		70F4CDEE1CFFA22200A6F8BF /* AvatarView.framework in Frameworks */ = {isa = PBXBuildFile; fileRef = 70F4CDE31CFFA22200A6F8BF /* AvatarView.framework */; };
		70F4CDF31CFFA22200A6F8BF /* AvatarViewTests.swift in Sources */ = {isa = PBXBuildFile; fileRef = 70F4CDF21CFFA22200A6F8BF /* AvatarViewTests.swift */; };
		70F4CDFE1CFFA27400A6F8BF /* AvatarView.swift in Sources */ = {isa = PBXBuildFile; fileRef = 70F4CDFD1CFFA27400A6F8BF /* AvatarView.swift */; };
		A15D5DAF1EE0B04200C8F309 /* DoubleAvatarView.swift in Sources */ = {isa = PBXBuildFile; fileRef = A15D5DAE1EE0B04200C8F309 /* DoubleAvatarView.swift */; };
		E7955E541F0D8E6C00B8E7ED /* AvatarView.h in Headers */ = {isa = PBXBuildFile; fileRef = 70F4CDE61CFFA22200A6F8BF /* AvatarView.h */; settings = {ATTRIBUTES = (Public, ); }; };
		E7955E561F0D8EB500B8E7ED /* NamePresentable.swift in Sources */ = {isa = PBXBuildFile; fileRef = 7096370C1D00A939006884B8 /* NamePresentable.swift */; };
/* End PBXBuildFile section */

/* Begin PBXContainerItemProxy section */
		70F4CDEF1CFFA22200A6F8BF /* PBXContainerItemProxy */ = {
			isa = PBXContainerItemProxy;
			containerPortal = 70F4CDDA1CFFA22200A6F8BF /* Project object */;
			proxyType = 1;
			remoteGlobalIDString = 70F4CDE21CFFA22200A6F8BF;
			remoteInfo = AvatarView;
		};
/* End PBXContainerItemProxy section */

/* Begin PBXFileReference section */
		361DC1A21F34AC680075A51A /* AvatarLineView.swift */ = {isa = PBXFileReference; fileEncoding = 4; lastKnownFileType = sourcecode.swift; path = AvatarLineView.swift; sourceTree = "<group>"; };
		705E42801E048C2100CA7C50 /* ContactPicker.swift */ = {isa = PBXFileReference; fileEncoding = 4; lastKnownFileType = sourcecode.swift; path = ContactPicker.swift; sourceTree = "<group>"; };
		705E7D2C1DE4A1C1002AB0FF /* Kingfisher.framework */ = {isa = PBXFileReference; lastKnownFileType = wrapper.framework; path = Kingfisher.framework; sourceTree = BUILT_PRODUCTS_DIR; };
		70613ED91DECD8A30023E0C7 /* AvatarImageService.swift */ = {isa = PBXFileReference; fileEncoding = 4; lastKnownFileType = sourcecode.swift; path = AvatarImageService.swift; sourceTree = "<group>"; };
		7096370C1D00A939006884B8 /* NamePresentable.swift */ = {isa = PBXFileReference; fileEncoding = 4; lastKnownFileType = sourcecode.swift; path = NamePresentable.swift; sourceTree = "<group>"; };
		70B7E0EF1D8AD1800010220B /* AvatarHeader.swift */ = {isa = PBXFileReference; fileEncoding = 4; lastKnownFileType = sourcecode.swift; path = AvatarHeader.swift; sourceTree = "<group>"; };
		70F4CDE31CFFA22200A6F8BF /* AvatarView.framework */ = {isa = PBXFileReference; explicitFileType = wrapper.framework; includeInIndex = 0; path = AvatarView.framework; sourceTree = BUILT_PRODUCTS_DIR; };
		70F4CDE61CFFA22200A6F8BF /* AvatarView.h */ = {isa = PBXFileReference; lastKnownFileType = sourcecode.c.h; path = AvatarView.h; sourceTree = "<group>"; };
		70F4CDE81CFFA22200A6F8BF /* Info.plist */ = {isa = PBXFileReference; lastKnownFileType = text.plist.xml; path = Info.plist; sourceTree = "<group>"; };
		70F4CDED1CFFA22200A6F8BF /* AvatarViewTests.xctest */ = {isa = PBXFileReference; explicitFileType = wrapper.cfbundle; includeInIndex = 0; path = AvatarViewTests.xctest; sourceTree = BUILT_PRODUCTS_DIR; };
		70F4CDF21CFFA22200A6F8BF /* AvatarViewTests.swift */ = {isa = PBXFileReference; lastKnownFileType = sourcecode.swift; path = AvatarViewTests.swift; sourceTree = "<group>"; };
		70F4CDF41CFFA22200A6F8BF /* Info.plist */ = {isa = PBXFileReference; lastKnownFileType = text.plist.xml; path = Info.plist; sourceTree = "<group>"; };
		70F4CDFD1CFFA27400A6F8BF /* AvatarView.swift */ = {isa = PBXFileReference; fileEncoding = 4; lastKnownFileType = sourcecode.swift; path = AvatarView.swift; sourceTree = "<group>"; };
		A15D5DAE1EE0B04200C8F309 /* DoubleAvatarView.swift */ = {isa = PBXFileReference; fileEncoding = 4; lastKnownFileType = sourcecode.swift; path = DoubleAvatarView.swift; sourceTree = "<group>"; };
		E7955E481F0D8CF600B8E7ED /* AvatarView.framework */ = {isa = PBXFileReference; explicitFileType = wrapper.framework; includeInIndex = 0; path = AvatarView.framework; sourceTree = BUILT_PRODUCTS_DIR; };
/* End PBXFileReference section */

/* Begin PBXFrameworksBuildPhase section */
		70F4CDDF1CFFA22200A6F8BF /* Frameworks */ = {
			isa = PBXFrameworksBuildPhase;
			buildActionMask = 2147483647;
			files = (
				705E7D2D1DE4A1C1002AB0FF /* Kingfisher.framework in Frameworks */,
			);
			runOnlyForDeploymentPostprocessing = 0;
		};
		70F4CDEA1CFFA22200A6F8BF /* Frameworks */ = {
			isa = PBXFrameworksBuildPhase;
			buildActionMask = 2147483647;
			files = (
				70F4CDEE1CFFA22200A6F8BF /* AvatarView.framework in Frameworks */,
			);
			runOnlyForDeploymentPostprocessing = 0;
		};
		E7955E441F0D8CF600B8E7ED /* Frameworks */ = {
			isa = PBXFrameworksBuildPhase;
			buildActionMask = 2147483647;
			files = (
			);
			runOnlyForDeploymentPostprocessing = 0;
		};
/* End PBXFrameworksBuildPhase section */

/* Begin PBXGroup section */
		705E7D2B1DE4A1C1002AB0FF /* Frameworks */ = {
			isa = PBXGroup;
			children = (
				705E7D2C1DE4A1C1002AB0FF /* Kingfisher.framework */,
			);
			name = Frameworks;
			sourceTree = "<group>";
		};
		70F4CDD91CFFA22200A6F8BF = {
			isa = PBXGroup;
			children = (
				70F4CDE51CFFA22200A6F8BF /* AvatarView */,
				70F4CDF11CFFA22200A6F8BF /* AvatarViewTests */,
				70F4CDE41CFFA22200A6F8BF /* Products */,
				705E7D2B1DE4A1C1002AB0FF /* Frameworks */,
			);
			sourceTree = "<group>";
		};
		70F4CDE41CFFA22200A6F8BF /* Products */ = {
			isa = PBXGroup;
			children = (
				70F4CDE31CFFA22200A6F8BF /* AvatarView.framework */,
				70F4CDED1CFFA22200A6F8BF /* AvatarViewTests.xctest */,
				E7955E481F0D8CF600B8E7ED /* AvatarView.framework */,
			);
			name = Products;
			sourceTree = "<group>";
		};
		70F4CDE51CFFA22200A6F8BF /* AvatarView */ = {
			isa = PBXGroup;
			children = (
				70B7E0EF1D8AD1800010220B /* AvatarHeader.swift */,
				70613ED91DECD8A30023E0C7 /* AvatarImageService.swift */,
				361DC1A21F34AC680075A51A /* AvatarLineView.swift */,
				70F4CDE61CFFA22200A6F8BF /* AvatarView.h */,
				70F4CDFD1CFFA27400A6F8BF /* AvatarView.swift */,
				705E42801E048C2100CA7C50 /* ContactPicker.swift */,
				A15D5DAE1EE0B04200C8F309 /* DoubleAvatarView.swift */,
				70F4CDE81CFFA22200A6F8BF /* Info.plist */,
				7096370C1D00A939006884B8 /* NamePresentable.swift */,
			);
			path = AvatarView;
			sourceTree = "<group>";
		};
		70F4CDF11CFFA22200A6F8BF /* AvatarViewTests */ = {
			isa = PBXGroup;
			children = (
				70F4CDF21CFFA22200A6F8BF /* AvatarViewTests.swift */,
				70F4CDF41CFFA22200A6F8BF /* Info.plist */,
			);
			path = AvatarViewTests;
			sourceTree = "<group>";
		};
/* End PBXGroup section */

/* Begin PBXHeadersBuildPhase section */
		70F4CDE01CFFA22200A6F8BF /* Headers */ = {
			isa = PBXHeadersBuildPhase;
			buildActionMask = 2147483647;
			files = (
				70F4CDE71CFFA22200A6F8BF /* AvatarView.h in Headers */,
			);
			runOnlyForDeploymentPostprocessing = 0;
		};
		E7955E451F0D8CF600B8E7ED /* Headers */ = {
			isa = PBXHeadersBuildPhase;
			buildActionMask = 2147483647;
			files = (
				E7955E541F0D8E6C00B8E7ED /* AvatarView.h in Headers */,
			);
			runOnlyForDeploymentPostprocessing = 0;
		};
/* End PBXHeadersBuildPhase section */

/* Begin PBXNativeTarget section */
		70F4CDE21CFFA22200A6F8BF /* AvatarView */ = {
			isa = PBXNativeTarget;
			buildConfigurationList = 70F4CDF71CFFA22200A6F8BF /* Build configuration list for PBXNativeTarget "AvatarView" */;
			buildPhases = (
				70F4CDDE1CFFA22200A6F8BF /* Sources */,
				70F4CDDF1CFFA22200A6F8BF /* Frameworks */,
				70F4CDE01CFFA22200A6F8BF /* Headers */,
				70F4CDE11CFFA22200A6F8BF /* Resources */,
			);
			buildRules = (
			);
			dependencies = (
			);
			name = AvatarView;
			productName = AvatarView;
			productReference = 70F4CDE31CFFA22200A6F8BF /* AvatarView.framework */;
			productType = "com.apple.product-type.framework";
		};
		70F4CDEC1CFFA22200A6F8BF /* AvatarViewTests */ = {
			isa = PBXNativeTarget;
			buildConfigurationList = 70F4CDFA1CFFA22200A6F8BF /* Build configuration list for PBXNativeTarget "AvatarViewTests" */;
			buildPhases = (
				70F4CDE91CFFA22200A6F8BF /* Sources */,
				70F4CDEA1CFFA22200A6F8BF /* Frameworks */,
				70F4CDEB1CFFA22200A6F8BF /* Resources */,
			);
			buildRules = (
			);
			dependencies = (
				70F4CDF01CFFA22200A6F8BF /* PBXTargetDependency */,
			);
			name = AvatarViewTests;
			productName = AvatarViewTests;
			productReference = 70F4CDED1CFFA22200A6F8BF /* AvatarViewTests.xctest */;
			productType = "com.apple.product-type.bundle.unit-test";
		};
		E7955E471F0D8CF600B8E7ED /* AvatarView-watchOS */ = {
			isa = PBXNativeTarget;
			buildConfigurationList = E7955E4F1F0D8CF700B8E7ED /* Build configuration list for PBXNativeTarget "AvatarView-watchOS" */;
			buildPhases = (
				E7955E431F0D8CF600B8E7ED /* Sources */,
				E7955E441F0D8CF600B8E7ED /* Frameworks */,
				E7955E451F0D8CF600B8E7ED /* Headers */,
				E7955E461F0D8CF600B8E7ED /* Resources */,
			);
			buildRules = (
			);
			dependencies = (
			);
			name = "AvatarView-watchOS";
			productName = "AvatarView-watchOS";
			productReference = E7955E481F0D8CF600B8E7ED /* AvatarView.framework */;
			productType = "com.apple.product-type.framework";
		};
/* End PBXNativeTarget section */

/* Begin PBXProject section */
		70F4CDDA1CFFA22200A6F8BF /* Project object */ = {
			isa = PBXProject;
			attributes = {
				LastSwiftUpdateCheck = 0730;
				LastUpgradeCheck = 0930;
				ORGANIZATIONNAME = "BSN Design";
				TargetAttributes = {
					70F4CDE21CFFA22200A6F8BF = {
						CreatedOnToolsVersion = 7.3.1;
						LastSwiftMigration = 0920;
					};
					70F4CDEC1CFFA22200A6F8BF = {
						CreatedOnToolsVersion = 7.3.1;
						LastSwiftMigration = 0920;
					};
					E7955E471F0D8CF600B8E7ED = {
						CreatedOnToolsVersion = 8.3.2;
						DevelopmentTeam = M9Y5WF87VL;
						ProvisioningStyle = Automatic;
					};
				};
			};
			buildConfigurationList = 70F4CDDD1CFFA22200A6F8BF /* Build configuration list for PBXProject "AvatarView" */;
			compatibilityVersion = "Xcode 3.2";
			developmentRegion = English;
			hasScannedForEncodings = 0;
			knownRegions = (
				English,
				en,
			);
			mainGroup = 70F4CDD91CFFA22200A6F8BF;
			productRefGroup = 70F4CDE41CFFA22200A6F8BF /* Products */;
			projectDirPath = "";
			projectRoot = "";
			targets = (
				70F4CDE21CFFA22200A6F8BF /* AvatarView */,
				70F4CDEC1CFFA22200A6F8BF /* AvatarViewTests */,
				E7955E471F0D8CF600B8E7ED /* AvatarView-watchOS */,
			);
		};
/* End PBXProject section */

/* Begin PBXResourcesBuildPhase section */
		70F4CDE11CFFA22200A6F8BF /* Resources */ = {
			isa = PBXResourcesBuildPhase;
			buildActionMask = 2147483647;
			files = (
			);
			runOnlyForDeploymentPostprocessing = 0;
		};
		70F4CDEB1CFFA22200A6F8BF /* Resources */ = {
			isa = PBXResourcesBuildPhase;
			buildActionMask = 2147483647;
			files = (
			);
			runOnlyForDeploymentPostprocessing = 0;
		};
		E7955E461F0D8CF600B8E7ED /* Resources */ = {
			isa = PBXResourcesBuildPhase;
			buildActionMask = 2147483647;
			files = (
			);
			runOnlyForDeploymentPostprocessing = 0;
		};
/* End PBXResourcesBuildPhase section */

/* Begin PBXSourcesBuildPhase section */
		70F4CDDE1CFFA22200A6F8BF /* Sources */ = {
			isa = PBXSourcesBuildPhase;
			buildActionMask = 2147483647;
			files = (
				A15D5DAF1EE0B04200C8F309 /* DoubleAvatarView.swift in Sources */,
				705E42811E048C2100CA7C50 /* ContactPicker.swift in Sources */,
				7096370D1D00A939006884B8 /* NamePresentable.swift in Sources */,
				70B7E0F01D8AD1800010220B /* AvatarHeader.swift in Sources */,
				70613EDA1DECD8A30023E0C7 /* AvatarImageService.swift in Sources */,
				361DC1A31F34AC690075A51A /* AvatarLineView.swift in Sources */,
				70F4CDFE1CFFA27400A6F8BF /* AvatarView.swift in Sources */,
			);
			runOnlyForDeploymentPostprocessing = 0;
		};
		70F4CDE91CFFA22200A6F8BF /* Sources */ = {
			isa = PBXSourcesBuildPhase;
			buildActionMask = 2147483647;
			files = (
				70F4CDF31CFFA22200A6F8BF /* AvatarViewTests.swift in Sources */,
			);
			runOnlyForDeploymentPostprocessing = 0;
		};
		E7955E431F0D8CF600B8E7ED /* Sources */ = {
			isa = PBXSourcesBuildPhase;
			buildActionMask = 2147483647;
			files = (
				E7955E561F0D8EB500B8E7ED /* NamePresentable.swift in Sources */,
			);
			runOnlyForDeploymentPostprocessing = 0;
		};
/* End PBXSourcesBuildPhase section */

/* Begin PBXTargetDependency section */
		70F4CDF01CFFA22200A6F8BF /* PBXTargetDependency */ = {
			isa = PBXTargetDependency;
			target = 70F4CDE21CFFA22200A6F8BF /* AvatarView */;
			targetProxy = 70F4CDEF1CFFA22200A6F8BF /* PBXContainerItemProxy */;
		};
/* End PBXTargetDependency section */

/* Begin XCBuildConfiguration section */
		70F4CDF51CFFA22200A6F8BF /* Debug */ = {
			isa = XCBuildConfiguration;
			buildSettings = {
				ALWAYS_SEARCH_USER_PATHS = NO;
				CLANG_ANALYZER_NONNULL = YES;
				CLANG_CXX_LANGUAGE_STANDARD = "gnu++0x";
				CLANG_CXX_LIBRARY = "libc++";
				CLANG_ENABLE_MODULES = YES;
				CLANG_ENABLE_OBJC_ARC = YES;
				CLANG_WARN_BLOCK_CAPTURE_AUTORELEASING = YES;
				CLANG_WARN_BOOL_CONVERSION = YES;
				CLANG_WARN_COMMA = YES;
				CLANG_WARN_CONSTANT_CONVERSION = YES;
				CLANG_WARN_DEPRECATED_OBJC_IMPLEMENTATIONS = YES;
				CLANG_WARN_DIRECT_OBJC_ISA_USAGE = YES_ERROR;
				CLANG_WARN_EMPTY_BODY = YES;
				CLANG_WARN_ENUM_CONVERSION = YES;
				CLANG_WARN_INFINITE_RECURSION = YES;
				CLANG_WARN_INT_CONVERSION = YES;
				CLANG_WARN_NON_LITERAL_NULL_CONVERSION = YES;
				CLANG_WARN_OBJC_IMPLICIT_RETAIN_SELF = YES;
				CLANG_WARN_OBJC_LITERAL_CONVERSION = YES;
				CLANG_WARN_OBJC_ROOT_CLASS = YES_ERROR;
				CLANG_WARN_RANGE_LOOP_ANALYSIS = YES;
				CLANG_WARN_STRICT_PROTOTYPES = YES;
				CLANG_WARN_SUSPICIOUS_MOVE = YES;
				CLANG_WARN_UNREACHABLE_CODE = YES;
				CLANG_WARN__DUPLICATE_METHOD_MATCH = YES;
				"CODE_SIGN_IDENTITY[sdk=iphoneos*]" = "iPhone Developer";
				COPY_PHASE_STRIP = NO;
				CURRENT_PROJECT_VERSION = 1;
				DEBUG_INFORMATION_FORMAT = dwarf;
				ENABLE_STRICT_OBJC_MSGSEND = YES;
				ENABLE_TESTABILITY = YES;
				GCC_C_LANGUAGE_STANDARD = gnu99;
				GCC_DYNAMIC_NO_PIC = NO;
				GCC_NO_COMMON_BLOCKS = YES;
				GCC_OPTIMIZATION_LEVEL = 0;
				GCC_PREPROCESSOR_DEFINITIONS = (
					"DEBUG=1",
					"$(inherited)",
				);
				GCC_WARN_64_TO_32_BIT_CONVERSION = YES;
				GCC_WARN_ABOUT_RETURN_TYPE = YES_ERROR;
				GCC_WARN_UNDECLARED_SELECTOR = YES;
				GCC_WARN_UNINITIALIZED_AUTOS = YES_AGGRESSIVE;
				GCC_WARN_UNUSED_FUNCTION = YES;
				GCC_WARN_UNUSED_VARIABLE = YES;
				IPHONEOS_DEPLOYMENT_TARGET = 9.3;
				MTL_ENABLE_DEBUG_INFO = YES;
				ONLY_ACTIVE_ARCH = YES;
				SDKROOT = iphoneos;
				SWIFT_OPTIMIZATION_LEVEL = "-Onone";
				TARGETED_DEVICE_FAMILY = "1,2";
				VERSIONING_SYSTEM = "apple-generic";
				VERSION_INFO_PREFIX = "";
			};
			name = Debug;
		};
		70F4CDF61CFFA22200A6F8BF /* Release */ = {
			isa = XCBuildConfiguration;
			buildSettings = {
				ALWAYS_SEARCH_USER_PATHS = NO;
				CLANG_ANALYZER_NONNULL = YES;
				CLANG_CXX_LANGUAGE_STANDARD = "gnu++0x";
				CLANG_CXX_LIBRARY = "libc++";
				CLANG_ENABLE_MODULES = YES;
				CLANG_ENABLE_OBJC_ARC = YES;
				CLANG_WARN_BLOCK_CAPTURE_AUTORELEASING = YES;
				CLANG_WARN_BOOL_CONVERSION = YES;
				CLANG_WARN_COMMA = YES;
				CLANG_WARN_CONSTANT_CONVERSION = YES;
				CLANG_WARN_DEPRECATED_OBJC_IMPLEMENTATIONS = YES;
				CLANG_WARN_DIRECT_OBJC_ISA_USAGE = YES_ERROR;
				CLANG_WARN_EMPTY_BODY = YES;
				CLANG_WARN_ENUM_CONVERSION = YES;
				CLANG_WARN_INFINITE_RECURSION = YES;
				CLANG_WARN_INT_CONVERSION = YES;
				CLANG_WARN_NON_LITERAL_NULL_CONVERSION = YES;
				CLANG_WARN_OBJC_IMPLICIT_RETAIN_SELF = YES;
				CLANG_WARN_OBJC_LITERAL_CONVERSION = YES;
				CLANG_WARN_OBJC_ROOT_CLASS = YES_ERROR;
				CLANG_WARN_RANGE_LOOP_ANALYSIS = YES;
				CLANG_WARN_STRICT_PROTOTYPES = YES;
				CLANG_WARN_SUSPICIOUS_MOVE = YES;
				CLANG_WARN_UNREACHABLE_CODE = YES;
				CLANG_WARN__DUPLICATE_METHOD_MATCH = YES;
				"CODE_SIGN_IDENTITY[sdk=iphoneos*]" = "iPhone Developer";
				COPY_PHASE_STRIP = NO;
				CURRENT_PROJECT_VERSION = 1;
				DEBUG_INFORMATION_FORMAT = "dwarf-with-dsym";
				ENABLE_NS_ASSERTIONS = NO;
				ENABLE_STRICT_OBJC_MSGSEND = YES;
				GCC_C_LANGUAGE_STANDARD = gnu99;
				GCC_NO_COMMON_BLOCKS = YES;
				GCC_WARN_64_TO_32_BIT_CONVERSION = YES;
				GCC_WARN_ABOUT_RETURN_TYPE = YES_ERROR;
				GCC_WARN_UNDECLARED_SELECTOR = YES;
				GCC_WARN_UNINITIALIZED_AUTOS = YES_AGGRESSIVE;
				GCC_WARN_UNUSED_FUNCTION = YES;
				GCC_WARN_UNUSED_VARIABLE = YES;
				IPHONEOS_DEPLOYMENT_TARGET = 9.3;
				MTL_ENABLE_DEBUG_INFO = NO;
				SDKROOT = iphoneos;
				SWIFT_OPTIMIZATION_LEVEL = "-Owholemodule";
				TARGETED_DEVICE_FAMILY = "1,2";
				VALIDATE_PRODUCT = YES;
				VERSIONING_SYSTEM = "apple-generic";
				VERSION_INFO_PREFIX = "";
			};
			name = Release;
		};
		70F4CDF81CFFA22200A6F8BF /* Debug */ = {
			isa = XCBuildConfiguration;
			buildSettings = {
				APPLICATION_EXTENSION_API_ONLY = YES;
				CLANG_ENABLE_MODULES = YES;
				"CODE_SIGN_IDENTITY[sdk=iphoneos*]" = "";
				DEFINES_MODULE = YES;
				DYLIB_COMPATIBILITY_VERSION = 1;
				DYLIB_CURRENT_VERSION = 1;
				DYLIB_INSTALL_NAME_BASE = "@rpath";
				FRAMEWORK_SEARCH_PATHS = "$(inherited)";
				INFOPLIST_FILE = AvatarView/Info.plist;
				INSTALL_PATH = "$(LOCAL_LIBRARY_DIR)/Frameworks";
				IPHONEOS_DEPLOYMENT_TARGET = 10.0;
				LD_RUNPATH_SEARCH_PATHS = "$(inherited) @executable_path/Frameworks @loader_path/Frameworks";
				PRODUCT_BUNDLE_IDENTIFIER = design.bsn.AvatarView;
				PRODUCT_NAME = "$(TARGET_NAME)";
				SKIP_INSTALL = YES;
				SWIFT_OPTIMIZATION_LEVEL = "-Onone";
				SWIFT_VERSION = 4.0;
			};
			name = Debug;
		};
		70F4CDF91CFFA22200A6F8BF /* Release */ = {
			isa = XCBuildConfiguration;
			buildSettings = {
				APPLICATION_EXTENSION_API_ONLY = YES;
				CLANG_ENABLE_MODULES = YES;
				"CODE_SIGN_IDENTITY[sdk=iphoneos*]" = "";
				DEFINES_MODULE = YES;
				DYLIB_COMPATIBILITY_VERSION = 1;
				DYLIB_CURRENT_VERSION = 1;
				DYLIB_INSTALL_NAME_BASE = "@rpath";
				FRAMEWORK_SEARCH_PATHS = "$(inherited)";
				INFOPLIST_FILE = AvatarView/Info.plist;
				INSTALL_PATH = "$(LOCAL_LIBRARY_DIR)/Frameworks";
				IPHONEOS_DEPLOYMENT_TARGET = 10.0;
				LD_RUNPATH_SEARCH_PATHS = "$(inherited) @executable_path/Frameworks @loader_path/Frameworks";
				PRODUCT_BUNDLE_IDENTIFIER = design.bsn.AvatarView;
				PRODUCT_NAME = "$(TARGET_NAME)";
				SKIP_INSTALL = YES;
				SWIFT_VERSION = 4.0;
			};
			name = Release;
		};
		70F4CDFB1CFFA22200A6F8BF /* Debug */ = {
			isa = XCBuildConfiguration;
			buildSettings = {
				INFOPLIST_FILE = AvatarViewTests/Info.plist;
				LD_RUNPATH_SEARCH_PATHS = "$(inherited) @executable_path/Frameworks @loader_path/Frameworks";
				PRODUCT_BUNDLE_IDENTIFIER = design.bsn.AvatarViewTests;
				PRODUCT_NAME = "$(TARGET_NAME)";
				SWIFT_SWIFT3_OBJC_INFERENCE = Default;
				SWIFT_VERSION = 4.0;
			};
			name = Debug;
		};
		70F4CDFC1CFFA22200A6F8BF /* Release */ = {
			isa = XCBuildConfiguration;
			buildSettings = {
				INFOPLIST_FILE = AvatarViewTests/Info.plist;
				LD_RUNPATH_SEARCH_PATHS = "$(inherited) @executable_path/Frameworks @loader_path/Frameworks";
				PRODUCT_BUNDLE_IDENTIFIER = design.bsn.AvatarViewTests;
				PRODUCT_NAME = "$(TARGET_NAME)";
				SWIFT_SWIFT3_OBJC_INFERENCE = Default;
				SWIFT_VERSION = 4.0;
			};
			name = Release;
		};
		E7955E4D1F0D8CF700B8E7ED /* Debug */ = {
			isa = XCBuildConfiguration;
			buildSettings = {
				APPLICATION_EXTENSION_API_ONLY = YES;
				CLANG_ANALYZER_NUMBER_OBJECT_CONVERSION = YES_AGGRESSIVE;
				CLANG_WARN_DOCUMENTATION_COMMENTS = YES;
				CODE_SIGN_IDENTITY = "";
				DEFINES_MODULE = YES;
				DEVELOPMENT_TEAM = M9Y5WF87VL;
				DYLIB_COMPATIBILITY_VERSION = 1;
				DYLIB_CURRENT_VERSION = 1;
				DYLIB_INSTALL_NAME_BASE = "@rpath";
				INFOPLIST_FILE = AvatarView/Info.plist;
				INSTALL_PATH = "$(LOCAL_LIBRARY_DIR)/Frameworks";
				LD_RUNPATH_SEARCH_PATHS = "$(inherited) @executable_path/Frameworks @loader_path/Frameworks";
				PRODUCT_BUNDLE_IDENTIFIER = "design.bsn.AvatarView-watchOS";
				PRODUCT_NAME = AvatarView;
				SDKROOT = watchos;
				SKIP_INSTALL = YES;
				SWIFT_ACTIVE_COMPILATION_CONDITIONS = DEBUG;
				SWIFT_VERSION = 3.0;
				TARGETED_DEVICE_FAMILY = 4;
				WATCHOS_DEPLOYMENT_TARGET = 3.0;
			};
			name = Debug;
		};
		E7955E4E1F0D8CF700B8E7ED /* Release */ = {
			isa = XCBuildConfiguration;
			buildSettings = {
				APPLICATION_EXTENSION_API_ONLY = YES;
				CLANG_ANALYZER_NUMBER_OBJECT_CONVERSION = YES_AGGRESSIVE;
				CLANG_WARN_DOCUMENTATION_COMMENTS = YES;
				CODE_SIGN_IDENTITY = "";
				DEFINES_MODULE = YES;
				DEVELOPMENT_TEAM = M9Y5WF87VL;
				DYLIB_COMPATIBILITY_VERSION = 1;
				DYLIB_CURRENT_VERSION = 1;
				DYLIB_INSTALL_NAME_BASE = "@rpath";
				INFOPLIST_FILE = AvatarView/Info.plist;
				INSTALL_PATH = "$(LOCAL_LIBRARY_DIR)/Frameworks";
				LD_RUNPATH_SEARCH_PATHS = "$(inherited) @executable_path/Frameworks @loader_path/Frameworks";
				PRODUCT_BUNDLE_IDENTIFIER = "design.bsn.AvatarView-watchOS";
				PRODUCT_NAME = AvatarView;
				SDKROOT = watchos;
				SKIP_INSTALL = YES;
				SWIFT_VERSION = 3.0;
				TARGETED_DEVICE_FAMILY = 4;
				WATCHOS_DEPLOYMENT_TARGET = 3.0;
			};
			name = Release;
		};
/* End XCBuildConfiguration section */

/* Begin XCConfigurationList section */
		70F4CDDD1CFFA22200A6F8BF /* Build configuration list for PBXProject "AvatarView" */ = {
			isa = XCConfigurationList;
			buildConfigurations = (
				70F4CDF51CFFA22200A6F8BF /* Debug */,
				70F4CDF61CFFA22200A6F8BF /* Release */,
			);
			defaultConfigurationIsVisible = 0;
			defaultConfigurationName = Release;
		};
		70F4CDF71CFFA22200A6F8BF /* Build configuration list for PBXNativeTarget "AvatarView" */ = {
			isa = XCConfigurationList;
			buildConfigurations = (
				70F4CDF81CFFA22200A6F8BF /* Debug */,
				70F4CDF91CFFA22200A6F8BF /* Release */,
			);
			defaultConfigurationIsVisible = 0;
			defaultConfigurationName = Release;
		};
		70F4CDFA1CFFA22200A6F8BF /* Build configuration list for PBXNativeTarget "AvatarViewTests" */ = {
			isa = XCConfigurationList;
			buildConfigurations = (
				70F4CDFB1CFFA22200A6F8BF /* Debug */,
				70F4CDFC1CFFA22200A6F8BF /* Release */,
			);
			defaultConfigurationIsVisible = 0;
			defaultConfigurationName = Release;
		};
		E7955E4F1F0D8CF700B8E7ED /* Build configuration list for PBXNativeTarget "AvatarView-watchOS" */ = {
			isa = XCConfigurationList;
			buildConfigurations = (
				E7955E4D1F0D8CF700B8E7ED /* Debug */,
				E7955E4E1F0D8CF700B8E7ED /* Release */,
			);
			defaultConfigurationIsVisible = 0;
			defaultConfigurationName = Release;
		};
/* End XCConfigurationList section */
	};
	rootObject = 70F4CDDA1CFFA22200A6F8BF /* Project object */;
}
